
Microsoft Visual Studio Solution File, Format Version 12.00
# Visual Studio Version 16
VisualStudioVersion = 16.0.29806.167
MinimumVisualStudioVersion = 10.0.40219.1
Project("{8BC9CEB8-8B4A-11D0-8D11-00A0C91BC942}") = "simple queue", "simple queue\simple queue.vcxproj", "{A73915EF-345A-4259-81D0-B523CFEFE809}"
EndProject
Global
	GlobalSection(SolutionConfigurationPlatforms) = preSolution
		Debug|x64 = Debug|x64
		Debug|x86 = Debug|x86
		Release|x64 = Release|x64
		Release|x86 = Release|x86
	EndGlobalSection
	GlobalSection(ProjectConfigurationPlatforms) = postSolution
		{A73915EF-345A-4259-81D0-B523CFEFE809}.Debug|x64.ActiveCfg = Debug|x64
		{A73915EF-345A-4259-81D0-B523CFEFE809}.Debug|x64.Build.0 = Debug|x64
		{A73915EF-345A-4259-81D0-B523CFEFE809}.Debug|x86.ActiveCfg = Debug|Win32
		{A73915EF-345A-4259-81D0-B523CFEFE809}.Debug|x86.Build.0 = Debug|Win32
		{A73915EF-345A-4259-81D0-B523CFEFE809}.Release|x64.ActiveCfg = Release|x64
		{A73915EF-345A-4259-81D0-B523CFEFE809}.Release|x64.Build.0 = Release|x64
		{A73915EF-345A-4259-81D0-B523CFEFE809}.Release|x86.ActiveCfg = Release|Win32
		{A73915EF-345A-4259-81D0-B523CFEFE809}.Release|x86.Build.0 = Release|Win32
	EndGlobalSection
	GlobalSection(SolutionProperties) = preSolution
		HideSolutionNode = FALSE
	EndGlobalSection
	GlobalSection(ExtensibilityGlobals) = postSolution
		SolutionGuid = {774493C3-173A-46A4-844A-F281B4CD6A45}
	EndGlobalSection
EndGlobal
